// !$*UTF8*$!
{
	archiveVersion = 1;
	classes = {
	};
	objectVersion = 56;
	objects = {

/* Begin PBXBuildFile section */
		8646835C2B12421A003FFC06 /* SupabasePracticeApp.swift in Sources */ = {isa = PBXBuildFile; fileRef = 8646835B2B12421A003FFC06 /* SupabasePracticeApp.swift */; };
		8646835E2B12421A003FFC06 /* ContentView.swift in Sources */ = {isa = PBXBuildFile; fileRef = 8646835D2B12421A003FFC06 /* ContentView.swift */; };
		864683602B12421B003FFC06 /* Assets.xcassets in Resources */ = {isa = PBXBuildFile; fileRef = 8646835F2B12421B003FFC06 /* Assets.xcassets */; };
		864683632B12421B003FFC06 /* Preview Assets.xcassets in Resources */ = {isa = PBXBuildFile; fileRef = 864683622B12421B003FFC06 /* Preview Assets.xcassets */; };
		8646836B2B12423D003FFC06 /* Functions in Frameworks */ = {isa = PBXBuildFile; productRef = 8646836A2B12423D003FFC06 /* Functions */; };
		8646836D2B12423D003FFC06 /* GoTrue in Frameworks */ = {isa = PBXBuildFile; productRef = 8646836C2B12423D003FFC06 /* GoTrue */; };
		8646836F2B12423D003FFC06 /* PostgREST in Frameworks */ = {isa = PBXBuildFile; productRef = 8646836E2B12423D003FFC06 /* PostgREST */; };
		864683712B12423D003FFC06 /* Realtime in Frameworks */ = {isa = PBXBuildFile; productRef = 864683702B12423D003FFC06 /* Realtime */; };
		864683732B12423D003FFC06 /* Storage in Frameworks */ = {isa = PBXBuildFile; productRef = 864683722B12423D003FFC06 /* Storage */; };
		864683752B12423D003FFC06 /* Supabase in Frameworks */ = {isa = PBXBuildFile; productRef = 864683742B12423D003FFC06 /* Supabase */; };
/* End PBXBuildFile section */

/* Begin PBXFileReference section */
		864683582B12421A003FFC06 /* SupabasePractice.app */ = {isa = PBXFileReference; explicitFileType = wrapper.application; includeInIndex = 0; path = SupabasePractice.app; sourceTree = BUILT_PRODUCTS_DIR; };
		8646835B2B12421A003FFC06 /* SupabasePracticeApp.swift */ = {isa = PBXFileReference; lastKnownFileType = sourcecode.swift; path = SupabasePracticeApp.swift; sourceTree = "<group>"; };
		8646835D2B12421A003FFC06 /* ContentView.swift */ = {isa = PBXFileReference; lastKnownFileType = sourcecode.swift; path = ContentView.swift; sourceTree = "<group>"; };
		8646835F2B12421B003FFC06 /* Assets.xcassets */ = {isa = PBXFileReference; lastKnownFileType = folder.assetcatalog; path = Assets.xcassets; sourceTree = "<group>"; };
		864683622B12421B003FFC06 /* Preview Assets.xcassets */ = {isa = PBXFileReference; lastKnownFileType = folder.assetcatalog; path = "Preview Assets.xcassets"; sourceTree = "<group>"; };
/* End PBXFileReference section */

/* Begin PBXFrameworksBuildPhase section */
		864683552B12421A003FFC06 /* Frameworks */ = {
			isa = PBXFrameworksBuildPhase;
			buildActionMask = 2147483647;
			files = (
				8646836F2B12423D003FFC06 /* PostgREST in Frameworks */,
				8646836D2B12423D003FFC06 /* GoTrue in Frameworks */,
				864683752B12423D003FFC06 /* Supabase in Frameworks */,
				8646836B2B12423D003FFC06 /* Functions in Frameworks */,
				864683732B12423D003FFC06 /* Storage in Frameworks */,
				864683712B12423D003FFC06 /* Realtime in Frameworks */,
			);
			runOnlyForDeploymentPostprocessing = 0;
		};
/* End PBXFrameworksBuildPhase section */

/* Begin PBXGroup section */
		8646834F2B12421A003FFC06 = {
			isa = PBXGroup;
			children = (
				8646835A2B12421A003FFC06 /* SupabasePractice */,
				864683592B12421A003FFC06 /* Products */,
			);
			sourceTree = "<group>";
		};
		864683592B12421A003FFC06 /* Products */ = {
			isa = PBXGroup;
			children = (
				864683582B12421A003FFC06 /* SupabasePractice.app */,
			);
			name = Products;
			sourceTree = "<group>";
		};
		8646835A2B12421A003FFC06 /* SupabasePractice */ = {
			isa = PBXGroup;
			children = (
				8646835B2B12421A003FFC06 /* SupabasePracticeApp.swift */,
				8646835D2B12421A003FFC06 /* ContentView.swift */,
				8646835F2B12421B003FFC06 /* Assets.xcassets */,
				864683612B12421B003FFC06 /* Preview Content */,
			);
			path = SupabasePractice;
			sourceTree = "<group>";
		};
		864683612B12421B003FFC06 /* Preview Content */ = {
			isa = PBXGroup;
			children = (
				864683622B12421B003FFC06 /* Preview Assets.xcassets */,
			);
			path = "Preview Content";
			sourceTree = "<group>";
		};
/* End PBXGroup section */

/* Begin PBXNativeTarget section */
		864683572B12421A003FFC06 /* SupabasePractice */ = {
			isa = PBXNativeTarget;
			buildConfigurationList = 864683662B12421B003FFC06 /* Build configuration list for PBXNativeTarget "SupabasePractice" */;
			buildPhases = (
				864683542B12421A003FFC06 /* Sources */,
				864683552B12421A003FFC06 /* Frameworks */,
				864683562B12421A003FFC06 /* Resources */,
			);
			buildRules = (
			);
			dependencies = (
			);
			name = SupabasePractice;
			packageProductDependencies = (
				8646836A2B12423D003FFC06 /* Functions */,
				8646836C2B12423D003FFC06 /* GoTrue */,
				8646836E2B12423D003FFC06 /* PostgREST */,
				864683702B12423D003FFC06 /* Realtime */,
				864683722B12423D003FFC06 /* Storage */,
				864683742B12423D003FFC06 /* Supabase */,
			);
			productName = SupabasePractice;
			productReference = 864683582B12421A003FFC06 /* SupabasePractice.app */;
			productType = "com.apple.product-type.application";
		};
/* End PBXNativeTarget section */

/* Begin PBXProject section */
		864683502B12421A003FFC06 /* Project object */ = {
			isa = PBXProject;
			attributes = {
				BuildIndependentTargetsInParallel = 1;
				LastSwiftUpdateCheck = 1430;
				LastUpgradeCheck = 1430;
				TargetAttributes = {
					864683572B12421A003FFC06 = {
						CreatedOnToolsVersion = 14.3.1;
					};
				};
			};
			buildConfigurationList = 864683532B12421A003FFC06 /* Build configuration list for PBXProject "SupabasePractice" */;
			compatibilityVersion = "Xcode 14.0";
			developmentRegion = en;
			hasScannedForEncodings = 0;
			knownRegions = (
				en,
				Base,
			);
			mainGroup = 8646834F2B12421A003FFC06;
			packageReferences = (
				864683692B12423D003FFC06 /* XCRemoteSwiftPackageReference "supabase-swift" */,
			);
			productRefGroup = 864683592B12421A003FFC06 /* Products */;
			projectDirPath = "";
			projectRoot = "";
			targets = (
				864683572B12421A003FFC06 /* SupabasePractice */,
			);
		};
/* End PBXProject section */

/* Begin PBXResourcesBuildPhase section */
		864683562B12421A003FFC06 /* Resources */ = {
			isa = PBXResourcesBuildPhase;
			buildActionMask = 2147483647;
			files = (
				864683632B12421B003FFC06 /* Preview Assets.xcassets in Resources */,
				864683602B12421B003FFC06 /* Assets.xcassets in Resources */,
			);
			runOnlyForDeploymentPostprocessing = 0;
		};
/* End PBXResourcesBuildPhase section */

/* Begin PBXSourcesBuildPhase section */
		864683542B12421A003FFC06 /* Sources */ = {
			isa = PBXSourcesBuildPhase;
			buildActionMask = 2147483647;
			files = (
				8646835E2B12421A003FFC06 /* ContentView.swift in Sources */,
				8646835C2B12421A003FFC06 /* SupabasePracticeApp.swift in Sources */,
			);
			runOnlyForDeploymentPostprocessing = 0;
		};
/* End PBXSourcesBuildPhase section */

/* Begin XCBuildConfiguration section */
		864683642B12421B003FFC06 /* Debug */ = {
			isa = XCBuildConfiguration;
			buildSettings = {
				ALWAYS_SEARCH_USER_PATHS = NO;
				CLANG_ANALYZER_NONNULL = YES;
				CLANG_ANALYZER_NUMBER_OBJECT_CONVERSION = YES_AGGRESSIVE;
				CLANG_CXX_LANGUAGE_STANDARD = "gnu++20";
				CLANG_ENABLE_MODULES = YES;
				CLANG_ENABLE_OBJC_ARC = YES;
				CLANG_ENABLE_OBJC_WEAK = YES;
				CLANG_WARN_BLOCK_CAPTURE_AUTORELEASING = YES;
				CLANG_WARN_BOOL_CONVERSION = YES;
				CLANG_WARN_COMMA = YES;
				CLANG_WARN_CONSTANT_CONVERSION = YES;
				CLANG_WARN_DEPRECATED_OBJC_IMPLEMENTATIONS = YES;
				CLANG_WARN_DIRECT_OBJC_ISA_USAGE = YES_ERROR;
				CLANG_WARN_DOCUMENTATION_COMMENTS = YES;
				CLANG_WARN_EMPTY_BODY = YES;
				CLANG_WARN_ENUM_CONVERSION = YES;
				CLANG_WARN_INFINITE_RECURSION = YES;
				CLANG_WARN_INT_CONVERSION = YES;
				CLANG_WARN_NON_LITERAL_NULL_CONVERSION = YES;
				CLANG_WARN_OBJC_IMPLICIT_RETAIN_SELF = YES;
				CLANG_WARN_OBJC_LITERAL_CONVERSION = YES;
				CLANG_WARN_OBJC_ROOT_CLASS = YES_ERROR;
				CLANG_WARN_QUOTED_INCLUDE_IN_FRAMEWORK_HEADER = YES;
				CLANG_WARN_RANGE_LOOP_ANALYSIS = YES;
				CLANG_WARN_STRICT_PROTOTYPES = YES;
				CLANG_WARN_SUSPICIOUS_MOVE = YES;
				CLANG_WARN_UNGUARDED_AVAILABILITY = YES_AGGRESSIVE;
				CLANG_WARN_UNREACHABLE_CODE = YES;
				CLANG_WARN__DUPLICATE_METHOD_MATCH = YES;
				COPY_PHASE_STRIP = NO;
				DEBUG_INFORMATION_FORMAT = dwarf;
				ENABLE_STRICT_OBJC_MSGSEND = YES;
				ENABLE_TESTABILITY = YES;
				GCC_C_LANGUAGE_STANDARD = gnu11;
				GCC_DYNAMIC_NO_PIC = NO;
				GCC_NO_COMMON_BLOCKS = YES;
				GCC_OPTIMIZATION_LEVEL = 0;
				GCC_PREPROCESSOR_DEFINITIONS = (
					"DEBUG=1",
					"$(inherited)",
				);
				GCC_WARN_64_TO_32_BIT_CONVERSION = YES;
				GCC_WARN_ABOUT_RETURN_TYPE = YES_ERROR;
				GCC_WARN_UNDECLARED_SELECTOR = YES;
				GCC_WARN_UNINITIALIZED_AUTOS = YES_AGGRESSIVE;
				GCC_WARN_UNUSED_FUNCTION = YES;
				GCC_WARN_UNUSED_VARIABLE = YES;
				IPHONEOS_DEPLOYMENT_TARGET = 16.4;
				MTL_ENABLE_DEBUG_INFO = INCLUDE_SOURCE;
				MTL_FAST_MATH = YES;
				ONLY_ACTIVE_ARCH = YES;
				SDKROOT = iphoneos;
				SWIFT_ACTIVE_COMPILATION_CONDITIONS = DEBUG;
				SWIFT_OPTIMIZATION_LEVEL = "-Onone";
			};
			name = Debug;
		};
		864683652B12421B003FFC06 /* Release */ = {
			isa = XCBuildConfiguration;
			buildSettings = {
				ALWAYS_SEARCH_USER_PATHS = NO;
				CLANG_ANALYZER_NONNULL = YES;
				CLANG_ANALYZER_NUMBER_OBJECT_CONVERSION = YES_AGGRESSIVE;
				CLANG_CXX_LANGUAGE_STANDARD = "gnu++20";
				CLANG_ENABLE_MODULES = YES;
				CLANG_ENABLE_OBJC_ARC = YES;
				CLANG_ENABLE_OBJC_WEAK = YES;
				CLANG_WARN_BLOCK_CAPTURE_AUTORELEASING = YES;
				CLANG_WARN_BOOL_CONVERSION = YES;
				CLANG_WARN_COMMA = YES;
				CLANG_WARN_CONSTANT_CONVERSION = YES;
				CLANG_WARN_DEPRECATED_OBJC_IMPLEMENTATIONS = YES;
				CLANG_WARN_DIRECT_OBJC_ISA_USAGE = YES_ERROR;
				CLANG_WARN_DOCUMENTATION_COMMENTS = YES;
				CLANG_WARN_EMPTY_BODY = YES;
				CLANG_WARN_ENUM_CONVERSION = YES;
				CLANG_WARN_INFINITE_RECURSION = YES;
				CLANG_WARN_INT_CONVERSION = YES;
				CLANG_WARN_NON_LITERAL_NULL_CONVERSION = YES;
				CLANG_WARN_OBJC_IMPLICIT_RETAIN_SELF = YES;
				CLANG_WARN_OBJC_LITERAL_CONVERSION = YES;
				CLANG_WARN_OBJC_ROOT_CLASS = YES_ERROR;
				CLANG_WARN_QUOTED_INCLUDE_IN_FRAMEWORK_HEADER = YES;
				CLANG_WARN_RANGE_LOOP_ANALYSIS = YES;
				CLANG_WARN_STRICT_PROTOTYPES = YES;
				CLANG_WARN_SUSPICIOUS_MOVE = YES;
				CLANG_WARN_UNGUARDED_AVAILABILITY = YES_AGGRESSIVE;
				CLANG_WARN_UNREACHABLE_CODE = YES;
				CLANG_WARN__DUPLICATE_METHOD_MATCH = YES;
				COPY_PHASE_STRIP = NO;
				DEBUG_INFORMATION_FORMAT = "dwarf-with-dsym";
				ENABLE_NS_ASSERTIONS = NO;
				ENABLE_STRICT_OBJC_MSGSEND = YES;
				GCC_C_LANGUAGE_STANDARD = gnu11;
				GCC_NO_COMMON_BLOCKS = YES;
				GCC_WARN_64_TO_32_BIT_CONVERSION = YES;
				GCC_WARN_ABOUT_RETURN_TYPE = YES_ERROR;
				GCC_WARN_UNDECLARED_SELECTOR = YES;
				GCC_WARN_UNINITIALIZED_AUTOS = YES_AGGRESSIVE;
				GCC_WARN_UNUSED_FUNCTION = YES;
				GCC_WARN_UNUSED_VARIABLE = YES;
				IPHONEOS_DEPLOYMENT_TARGET = 16.4;
				MTL_ENABLE_DEBUG_INFO = NO;
				MTL_FAST_MATH = YES;
				SDKROOT = iphoneos;
				SWIFT_COMPILATION_MODE = wholemodule;
				SWIFT_OPTIMIZATION_LEVEL = "-O";
				VALIDATE_PRODUCT = YES;
			};
			name = Release;
		};
		864683672B12421B003FFC06 /* Debug */ = {
			isa = XCBuildConfiguration;
			buildSettings = {
				ASSETCATALOG_COMPILER_APPICON_NAME = AppIcon;
				ASSETCATALOG_COMPILER_GLOBAL_ACCENT_COLOR_NAME = AccentColor;
				CODE_SIGN_STYLE = Automatic;
				CURRENT_PROJECT_VERSION = 1;
				DEVELOPMENT_ASSET_PATHS = "\"SupabasePractice/Preview Content\"";
				DEVELOPMENT_TEAM = SC2M4P5Z8J;
				ENABLE_PREVIEWS = YES;
				GENERATE_INFOPLIST_FILE = YES;
				INFOPLIST_KEY_UIApplicationSceneManifest_Generation = YES;
				INFOPLIST_KEY_UIApplicationSupportsIndirectInputEvents = YES;
				INFOPLIST_KEY_UILaunchScreen_Generation = YES;
				INFOPLIST_KEY_UISupportedInterfaceOrientations_iPad = "UIInterfaceOrientationPortrait UIInterfaceOrientationPortraitUpsideDown UIInterfaceOrientationLandscapeLeft UIInterfaceOrientationLandscapeRight";
				INFOPLIST_KEY_UISupportedInterfaceOrientations_iPhone = "UIInterfaceOrientationPortrait UIInterfaceOrientationLandscapeLeft UIInterfaceOrientationLandscapeRight";
				LD_RUNPATH_SEARCH_PATHS = (
					"$(inherited)",
					"@executable_path/Frameworks",
				);
				MARKETING_VERSION = 1.0;
				PRODUCT_BUNDLE_IDENTIFIER = com.torinunna.SupabasePractice;
				PRODUCT_NAME = "$(TARGET_NAME)";
				SWIFT_EMIT_LOC_STRINGS = YES;
				SWIFT_VERSION = 5.0;
				TARGETED_DEVICE_FAMILY = "1,2";
			};
			name = Debug;
		};
		864683682B12421B003FFC06 /* Release */ = {
			isa = XCBuildConfiguration;
			buildSettings = {
				ASSETCATALOG_COMPILER_APPICON_NAME = AppIcon;
				ASSETCATALOG_COMPILER_GLOBAL_ACCENT_COLOR_NAME = AccentColor;
				CODE_SIGN_STYLE = Automatic;
				CURRENT_PROJECT_VERSION = 1;
				DEVELOPMENT_ASSET_PATHS = "\"SupabasePractice/Preview Content\"";
				DEVELOPMENT_TEAM = SC2M4P5Z8J;
				ENABLE_PREVIEWS = YES;
				GENERATE_INFOPLIST_FILE = YES;
				INFOPLIST_KEY_UIApplicationSceneManifest_Generation = YES;
				INFOPLIST_KEY_UIApplicationSupportsIndirectInputEvents = YES;
				INFOPLIST_KEY_UILaunchScreen_Generation = YES;
				INFOPLIST_KEY_UISupportedInterfaceOrientations_iPad = "UIInterfaceOrientationPortrait UIInterfaceOrientationPortraitUpsideDown UIInterfaceOrientationLandscapeLeft UIInterfaceOrientationLandscapeRight";
				INFOPLIST_KEY_UISupportedInterfaceOrientations_iPhone = "UIInterfaceOrientationPortrait UIInterfaceOrientationLandscapeLeft UIInterfaceOrientationLandscapeRight";
				LD_RUNPATH_SEARCH_PATHS = (
					"$(inherited)",
					"@executable_path/Frameworks",
				);
				MARKETING_VERSION = 1.0;
				PRODUCT_BUNDLE_IDENTIFIER = com.torinunna.SupabasePractice;
				PRODUCT_NAME = "$(TARGET_NAME)";
				SWIFT_EMIT_LOC_STRINGS = YES;
				SWIFT_VERSION = 5.0;
				TARGETED_DEVICE_FAMILY = "1,2";
			};
			name = Release;
		};
/* End XCBuildConfiguration section */

/* Begin XCConfigurationList section */
		864683532B12421A003FFC06 /* Build configuration list for PBXProject "SupabasePractice" */ = {
			isa = XCConfigurationList;
			buildConfigurations = (
				864683642B12421B003FFC06 /* Debug */,
				864683652B12421B003FFC06 /* Release */,
			);
			defaultConfigurationIsVisible = 0;
			defaultConfigurationName = Release;
		};
		864683662B12421B003FFC06 /* Build configuration list for PBXNativeTarget "SupabasePractice" */ = {
			isa = XCConfigurationList;
			buildConfigurations = (
				864683672B12421B003FFC06 /* Debug */,
				864683682B12421B003FFC06 /* Release */,
			);
			defaultConfigurationIsVisible = 0;
			defaultConfigurationName = Release;
		};
/* End XCConfigurationList section */

/* Begin XCRemoteSwiftPackageReference section */
		864683692B12423D003FFC06 /* XCRemoteSwiftPackageReference "supabase-swift" */ = {
			isa = XCRemoteSwiftPackageReference;
			repositoryURL = "https://github.com/supabase-community/supabase-swift.git";
			requirement = {
				kind = upToNextMajorVersion;
				minimumVersion = 1.0.0;
			};
		};
/* End XCRemoteSwiftPackageReference section */

/* Begin XCSwiftPackageProductDependency section */
		8646836A2B12423D003FFC06 /* Functions */ = {
			isa = XCSwiftPackageProductDependency;
			package = 864683692B12423D003FFC06 /* XCRemoteSwiftPackageReference "supabase-swift" */;
			productName = Functions;
		};
		8646836C2B12423D003FFC06 /* GoTrue */ = {
			isa = XCSwiftPackageProductDependency;
			package = 864683692B12423D003FFC06 /* XCRemoteSwiftPackageReference "supabase-swift" */;
			productName = GoTrue;
		};
		8646836E2B12423D003FFC06 /* PostgREST */ = {
			isa = XCSwiftPackageProductDependency;
			package = 864683692B12423D003FFC06 /* XCRemoteSwiftPackageReference "supabase-swift" */;
			productName = PostgREST;
		};
		864683702B12423D003FFC06 /* Realtime */ = {
			isa = XCSwiftPackageProductDependency;
			package = 864683692B12423D003FFC06 /* XCRemoteSwiftPackageReference "supabase-swift" */;
			productName = Realtime;
		};
		864683722B12423D003FFC06 /* Storage */ = {
			isa = XCSwiftPackageProductDependency;
			package = 864683692B12423D003FFC06 /* XCRemoteSwiftPackageReference "supabase-swift" */;
			productName = Storage;
		};
		864683742B12423D003FFC06 /* Supabase */ = {
			isa = XCSwiftPackageProductDependency;
			package = 864683692B12423D003FFC06 /* XCRemoteSwiftPackageReference "supabase-swift" */;
			productName = Supabase;
		};
/* End XCSwiftPackageProductDependency section */
	};
	rootObject = 864683502B12421A003FFC06 /* Project object */;
}
